
Microsoft Visual Studio Solution File, Format Version 12.00
# Visual Studio 2013
VisualStudioVersion = 12.0.31101.0
MinimumVisualStudioVersion = 10.0.40219.1
Project("{FAE04EC0-301F-11D3-BF4B-00C04F79EFBC}") = "HelloVsix.Vsix", "HelloVsix.Vsix\HelloVsix.Vsix.csproj", "{803890CC-E489-47EC-9DC4-9D114B34AF81}"
EndProject
Project("{FAE04EC0-301F-11D3-BF4B-00C04F79EFBC}") = "HelloVsix.ItemTemplate", "HelloVsix.ItemTemplate\HelloVsix.ItemTemplate.csproj", "{90E9CD76-9C6B-4A22-A0F5-F53BC9AD40EF}"
EndProject
Global
	GlobalSection(SolutionConfigurationPlatforms) = preSolution
		Debug|Any CPU = Debug|Any CPU
		Release|Any CPU = Release|Any CPU
	EndGlobalSection
	GlobalSection(ProjectConfigurationPlatforms) = postSolution
		{803890CC-E489-47EC-9DC4-9D114B34AF81}.Debug|Any CPU.ActiveCfg = Debug|Any CPU
		{803890CC-E489-47EC-9DC4-9D114B34AF81}.Debug|Any CPU.Build.0 = Debug|Any CPU
		{803890CC-E489-47EC-9DC4-9D114B34AF81}.Release|Any CPU.ActiveCfg = Release|Any CPU
		{803890CC-E489-47EC-9DC4-9D114B34AF81}.Release|Any CPU.Build.0 = Release|Any CPU
		{90E9CD76-9C6B-4A22-A0F5-F53BC9AD40EF}.Debug|Any CPU.ActiveCfg = Debug|Any CPU
		{90E9CD76-9C6B-4A22-A0F5-F53BC9AD40EF}.Debug|Any CPU.Build.0 = Debug|Any CPU
		{90E9CD76-9C6B-4A22-A0F5-F53BC9AD40EF}.Release|Any CPU.ActiveCfg = Release|Any CPU
		{90E9CD76-9C6B-4A22-A0F5-F53BC9AD40EF}.Release|Any CPU.Build.0 = Release|Any CPU
	EndGlobalSection
	GlobalSection(SolutionProperties) = preSolution
		HideSolutionNode = FALSE
	EndGlobalSection
EndGlobal
